
Microsoft Visual Studio Solution File, Format Version 12.00
# Visual Studio Version 16
VisualStudioVersion = 16.0.30523.141
MinimumVisualStudioVersion = 10.0.40219.1
Project("{FAE04EC0-301F-11D3-BF4B-00C04F79EFBC}") = "EuroSound_Editor", "EuroSound_Main\EuroSound_Editor.csproj", "{660E7852-3899-4910-AFC2-B9C0C280D58A}"
EndProject
Project("{FAE04EC0-301F-11D3-BF4B-00C04F79EFBC}") = "StatusBarWithToolTips", "CustomStatusBar\StatusBarWithToolTips.csproj", "{E938CBED-777A-425E-A238-BF90F4E1EC89}"
EndProject
Project("{FAE04EC0-301F-11D3-BF4B-00C04F79EFBC}") = "EngineXImaAdpcm", "EngineXImaAdpcm\EngineXImaAdpcm.csproj", "{B8992D74-F65B-44A2-B49D-77246D7C5CA1}"
EndProject
Global
	GlobalSection(SolutionConfigurationPlatforms) = preSolution
		Debug|Any CPU = Debug|Any CPU
		Release|Any CPU = Release|Any CPU
	EndGlobalSection
	GlobalSection(ProjectConfigurationPlatforms) = postSolution
		{660E7852-3899-4910-AFC2-B9C0C280D58A}.Debug|Any CPU.ActiveCfg = Debug|Any CPU
		{660E7852-3899-4910-AFC2-B9C0C280D58A}.Debug|Any CPU.Build.0 = Debug|Any CPU
		{660E7852-3899-4910-AFC2-B9C0C280D58A}.Release|Any CPU.ActiveCfg = Release|Any CPU
		{660E7852-3899-4910-AFC2-B9C0C280D58A}.Release|Any CPU.Build.0 = Release|Any CPU
		{E938CBED-777A-425E-A238-BF90F4E1EC89}.Debug|Any CPU.ActiveCfg = Debug|Any CPU
		{E938CBED-777A-425E-A238-BF90F4E1EC89}.Debug|Any CPU.Build.0 = Debug|Any CPU
		{E938CBED-777A-425E-A238-BF90F4E1EC89}.Release|Any CPU.ActiveCfg = Release|Any CPU
		{E938CBED-777A-425E-A238-BF90F4E1EC89}.Release|Any CPU.Build.0 = Release|Any CPU
		{B8992D74-F65B-44A2-B49D-77246D7C5CA1}.Debug|Any CPU.ActiveCfg = Debug|Any CPU
		{B8992D74-F65B-44A2-B49D-77246D7C5CA1}.Debug|Any CPU.Build.0 = Debug|Any CPU
		{B8992D74-F65B-44A2-B49D-77246D7C5CA1}.Release|Any CPU.ActiveCfg = Release|Any CPU
		{B8992D74-F65B-44A2-B49D-77246D7C5CA1}.Release|Any CPU.Build.0 = Release|Any CPU
	EndGlobalSection
	GlobalSection(SolutionProperties) = preSolution
		HideSolutionNode = FALSE
	EndGlobalSection
	GlobalSection(ExtensibilityGlobals) = postSolution
		SolutionGuid = {76149B84-C672-4355-B636-E09C32F62324}
	EndGlobalSection
EndGlobal
